
Microsoft Visual Studio Solution File, Format Version 12.00
# Visual Studio 2013
VisualStudioVersion = 12.0.31101.0
MinimumVisualStudioVersion = 10.0.40219.1
Project("{FAE04EC0-301F-11D3-BF4B-00C04F79EFBC}") = "PL-Course.Messages", "PL-Course.Messages\PL-Course.Messages.csproj", "{0014C136-3E50-497F-A49A-570F99844C04}"
EndProject
Project("{FAE04EC0-301F-11D3-BF4B-00C04F79EFBC}") = "PL-Course.Web", "PL-Course.Web\PL-Course.Web.csproj", "{CB36115B-F01F-4289-8666-2984857D1BF2}"
EndProject
Project("{FAE04EC0-301F-11D3-BF4B-00C04F79EFBC}") = "PL-Course.Handler", "PL-Course.Handler\PL-Course.Handler.csproj", "{A3B120C4-8C63-4F5C-AC14-10EF108236F0}"
EndProject
Project("{FAE04EC0-301F-11D3-BF4B-00C04F79EFBC}") = "PL-Course.Infrastructure", "PL-Course.Infrastructure\PL-Course.Infrastructure.csproj", "{36A22F19-71A4-4ACE-A9B6-7DAA7113C8F7}"
EndProject
Project("{FAE04EC0-301F-11D3-BF4B-00C04F79EFBC}") = "PL-Course.Integration", "PL-Course.Integration\PL-Course.Integration.csproj", "{0CFF4CAF-55D0-47E9-B823-5ACEF8C90EA4}"
EndProject
Project("{FAE04EC0-301F-11D3-BF4B-00C04F79EFBC}") = "PL-Course.Handlers.UnsubscribeLegacy", "PL-Course.Handlers.UnsubscribeLegacy\PL-Course.Handlers.UnsubscribeLegacy.csproj", "{C6307B95-C90C-47B4-A241-77537B3FBF8E}"
EndProject
Project("{FAE04EC0-301F-11D3-BF4B-00C04F79EFBC}") = "PL-Course.Handlers.UnsubscribeCrm", "PL-Course.Handlers.UnsubscribeCrm\PL-Course.Handlers.UnsubscribeCrm.csproj", "{8DB892D4-1ACA-45C3-A981-5F26E2768D97}"
EndProject
Project("{FAE04EC0-301F-11D3-BF4B-00C04F79EFBC}") = "PL-Course.Handlers.UnsubscribeFulfillment", "PL-Course.Handlers.UnsubscribeFulfillment\PL-Course.Handlers.UnsubscribeFulfillment.csproj", "{F7DCB129-20A1-44DE-BE98-52C3E8D62737}"
EndProject
Project("{2150E333-8FDC-42A3-9474-1A3956D46DE8}") = "Solution Items", "Solution Items", "{7E526D6C-9345-4E00-9729-B8974468193A}"
	ProjectSection(SolutionItems) = preProject
		Start-Handlers.cmd = Start-Handlers.cmd
		Stop-Handlers.cmd = Stop-Handlers.cmd
	EndProjectSection
EndProject
Global
	GlobalSection(SolutionConfigurationPlatforms) = preSolution
		Debug|Any CPU = Debug|Any CPU
		Release|Any CPU = Release|Any CPU
	EndGlobalSection
	GlobalSection(ProjectConfigurationPlatforms) = postSolution
		{0014C136-3E50-497F-A49A-570F99844C04}.Debug|Any CPU.ActiveCfg = Debug|Any CPU
		{0014C136-3E50-497F-A49A-570F99844C04}.Debug|Any CPU.Build.0 = Debug|Any CPU
		{0014C136-3E50-497F-A49A-570F99844C04}.Release|Any CPU.ActiveCfg = Release|Any CPU
		{0014C136-3E50-497F-A49A-570F99844C04}.Release|Any CPU.Build.0 = Release|Any CPU
		{CB36115B-F01F-4289-8666-2984857D1BF2}.Debug|Any CPU.ActiveCfg = Debug|Any CPU
		{CB36115B-F01F-4289-8666-2984857D1BF2}.Debug|Any CPU.Build.0 = Debug|Any CPU
		{CB36115B-F01F-4289-8666-2984857D1BF2}.Release|Any CPU.ActiveCfg = Release|Any CPU
		{CB36115B-F01F-4289-8666-2984857D1BF2}.Release|Any CPU.Build.0 = Release|Any CPU
		{A3B120C4-8C63-4F5C-AC14-10EF108236F0}.Debug|Any CPU.ActiveCfg = Debug|Any CPU
		{A3B120C4-8C63-4F5C-AC14-10EF108236F0}.Debug|Any CPU.Build.0 = Debug|Any CPU
		{A3B120C4-8C63-4F5C-AC14-10EF108236F0}.Release|Any CPU.ActiveCfg = Release|Any CPU
		{A3B120C4-8C63-4F5C-AC14-10EF108236F0}.Release|Any CPU.Build.0 = Release|Any CPU
		{36A22F19-71A4-4ACE-A9B6-7DAA7113C8F7}.Debug|Any CPU.ActiveCfg = Debug|Any CPU
		{36A22F19-71A4-4ACE-A9B6-7DAA7113C8F7}.Debug|Any CPU.Build.0 = Debug|Any CPU
		{36A22F19-71A4-4ACE-A9B6-7DAA7113C8F7}.Release|Any CPU.ActiveCfg = Release|Any CPU
		{36A22F19-71A4-4ACE-A9B6-7DAA7113C8F7}.Release|Any CPU.Build.0 = Release|Any CPU
		{0CFF4CAF-55D0-47E9-B823-5ACEF8C90EA4}.Debug|Any CPU.ActiveCfg = Debug|Any CPU
		{0CFF4CAF-55D0-47E9-B823-5ACEF8C90EA4}.Debug|Any CPU.Build.0 = Debug|Any CPU
		{0CFF4CAF-55D0-47E9-B823-5ACEF8C90EA4}.Release|Any CPU.ActiveCfg = Release|Any CPU
		{0CFF4CAF-55D0-47E9-B823-5ACEF8C90EA4}.Release|Any CPU.Build.0 = Release|Any CPU
		{C6307B95-C90C-47B4-A241-77537B3FBF8E}.Debug|Any CPU.ActiveCfg = Debug|Any CPU
		{C6307B95-C90C-47B4-A241-77537B3FBF8E}.Debug|Any CPU.Build.0 = Debug|Any CPU
		{C6307B95-C90C-47B4-A241-77537B3FBF8E}.Release|Any CPU.ActiveCfg = Release|Any CPU
		{C6307B95-C90C-47B4-A241-77537B3FBF8E}.Release|Any CPU.Build.0 = Release|Any CPU
		{8DB892D4-1ACA-45C3-A981-5F26E2768D97}.Debug|Any CPU.ActiveCfg = Debug|Any CPU
		{8DB892D4-1ACA-45C3-A981-5F26E2768D97}.Debug|Any CPU.Build.0 = Debug|Any CPU
		{8DB892D4-1ACA-45C3-A981-5F26E2768D97}.Release|Any CPU.ActiveCfg = Release|Any CPU
		{8DB892D4-1ACA-45C3-A981-5F26E2768D97}.Release|Any CPU.Build.0 = Release|Any CPU
		{F7DCB129-20A1-44DE-BE98-52C3E8D62737}.Debug|Any CPU.ActiveCfg = Debug|Any CPU
		{F7DCB129-20A1-44DE-BE98-52C3E8D62737}.Debug|Any CPU.Build.0 = Debug|Any CPU
		{F7DCB129-20A1-44DE-BE98-52C3E8D62737}.Release|Any CPU.ActiveCfg = Release|Any CPU
		{F7DCB129-20A1-44DE-BE98-52C3E8D62737}.Release|Any CPU.Build.0 = Release|Any CPU
	EndGlobalSection
	GlobalSection(SolutionProperties) = preSolution
		HideSolutionNode = FALSE
	EndGlobalSection
EndGlobal
